Microsoft Visual Studio Solution File, Format Version 12.00
# Visual Studio 2012
Project("{FAE04EC0-301F-11D3-BF4B-00C04F79EFBC}") = "Search Algorithm Representation", "Search Algorithm Representation.csproj", "{1E05F141-A93A-4662-BC36-014E6F20D8EC}"
EndProject
Global
	GlobalSection(SolutionConfigurationPlatforms) = preSolution
	Debug|Any CPU = Debug|Any CPU
	ExportDebug|Any CPU = ExportDebug|Any CPU
	ExportRelease|Any CPU = ExportRelease|Any CPU
	EndGlobalSection
	GlobalSection(ProjectConfigurationPlatforms) = postSolution
		{1E05F141-A93A-4662-BC36-014E6F20D8EC}.Debug|Any CPU.ActiveCfg = Debug|Any CPU
		{1E05F141-A93A-4662-BC36-014E6F20D8EC}.Debug|Any CPU.Build.0 = Debug|Any CPU
		{1E05F141-A93A-4662-BC36-014E6F20D8EC}.ExportDebug|Any CPU.ActiveCfg = ExportDebug|Any CPU
		{1E05F141-A93A-4662-BC36-014E6F20D8EC}.ExportDebug|Any CPU.Build.0 = ExportDebug|Any CPU
		{1E05F141-A93A-4662-BC36-014E6F20D8EC}.ExportRelease|Any CPU.ActiveCfg = ExportRelease|Any CPU
		{1E05F141-A93A-4662-BC36-014E6F20D8EC}.ExportRelease|Any CPU.Build.0 = ExportRelease|Any CPU
	EndGlobalSection
EndGlobal
